
Microsoft Visual Studio Solution File, Format Version 12.00
# Visual Studio Version 17
VisualStudioVersion = 17.0.31919.166
MinimumVisualStudioVersion = 10.0.40219.1
Project("{9A19103F-16F7-4668-BE54-9A1E7A4F7556}") = "Torn.FactionComparer", "Torn.FactionComparer\Torn.FactionComparer.csproj", "{88A38569-E323-46C6-A96D-0E00FC265178}"
EndProject
Project("{9A19103F-16F7-4668-BE54-9A1E7A4F7556}") = "Torn.FactionComparer.Contracts", "Torn.FactionComparer.Contracts\Torn.FactionComparer.Contracts.csproj", "{16BE77CB-158E-43BC-88D4-EAB27D557FBE}"
EndProject
Project("{9A19103F-16F7-4668-BE54-9A1E7A4F7556}") = "Torn.FactionComparer.Services", "Torn.FactionComparer.Services\Torn.FactionComparer.Services.csproj", "{9B7735AA-77FE-413E-AC40-5EC7BE102324}"
EndProject
Project("{FAE04EC0-301F-11D3-BF4B-00C04F79EFBC}") = "Torn.FactionComparer.Infrastructure", "Torn.FactionComparer.Infrastructure\Torn.FactionComparer.Infrastructure.csproj", "{BE294F53-C9DE-429F-9557-4864A9223AB3}"
EndProject
Global
	GlobalSection(SolutionConfigurationPlatforms) = preSolution
		Debug|Any CPU = Debug|Any CPU
		Release|Any CPU = Release|Any CPU
	EndGlobalSection
	GlobalSection(ProjectConfigurationPlatforms) = postSolution
		{88A38569-E323-46C6-A96D-0E00FC265178}.Debug|Any CPU.ActiveCfg = Debug|Any CPU
		{88A38569-E323-46C6-A96D-0E00FC265178}.Debug|Any CPU.Build.0 = Debug|Any CPU
		{88A38569-E323-46C6-A96D-0E00FC265178}.Release|Any CPU.ActiveCfg = Release|Any CPU
		{88A38569-E323-46C6-A96D-0E00FC265178}.Release|Any CPU.Build.0 = Release|Any CPU
		{16BE77CB-158E-43BC-88D4-EAB27D557FBE}.Debug|Any CPU.ActiveCfg = Debug|Any CPU
		{16BE77CB-158E-43BC-88D4-EAB27D557FBE}.Debug|Any CPU.Build.0 = Debug|Any CPU
		{16BE77CB-158E-43BC-88D4-EAB27D557FBE}.Release|Any CPU.ActiveCfg = Release|Any CPU
		{16BE77CB-158E-43BC-88D4-EAB27D557FBE}.Release|Any CPU.Build.0 = Release|Any CPU
		{9B7735AA-77FE-413E-AC40-5EC7BE102324}.Debug|Any CPU.ActiveCfg = Debug|Any CPU
		{9B7735AA-77FE-413E-AC40-5EC7BE102324}.Debug|Any CPU.Build.0 = Debug|Any CPU
		{9B7735AA-77FE-413E-AC40-5EC7BE102324}.Release|Any CPU.ActiveCfg = Release|Any CPU
		{9B7735AA-77FE-413E-AC40-5EC7BE102324}.Release|Any CPU.Build.0 = Release|Any CPU
		{BE294F53-C9DE-429F-9557-4864A9223AB3}.Debug|Any CPU.ActiveCfg = Debug|Any CPU
		{BE294F53-C9DE-429F-9557-4864A9223AB3}.Debug|Any CPU.Build.0 = Debug|Any CPU
		{BE294F53-C9DE-429F-9557-4864A9223AB3}.Release|Any CPU.ActiveCfg = Release|Any CPU
		{BE294F53-C9DE-429F-9557-4864A9223AB3}.Release|Any CPU.Build.0 = Release|Any CPU
	EndGlobalSection
	GlobalSection(SolutionProperties) = preSolution
		HideSolutionNode = FALSE
	EndGlobalSection
	GlobalSection(ExtensibilityGlobals) = postSolution
		SolutionGuid = {85038AB1-F2FD-4526-8D4B-EDBBA2117607}
	EndGlobalSection
EndGlobal
